// !$*UTF8*$!
{
	archiveVersion = 1;
	classes = {
	};
	objectVersion = 77;
	objects = {

/* Begin PBXContainerItemProxy section */
		AEA359C22F178B3B00B4E824 /* PBXContainerItemProxy */ = {
			isa = PBXContainerItemProxy;
			containerPortal = AEA359AA2F178B3900B4E824 /* Project object */;
			proxyType = 1;
			remoteGlobalIDString = AEA359B12F178B3900B4E824;
			remoteInfo = HopUpAI;
		};
		AEA359CC2F178B3B00B4E824 /* PBXContainerItemProxy */ = {
			isa = PBXContainerItemProxy;
			containerPortal = AEA359AA2F178B3900B4E824 /* Project object */;
			proxyType = 1;
			remoteGlobalIDString = AEA359B12F178B3900B4E824;
			remoteInfo = HopUpAI;
		};
/* End PBXContainerItemProxy section */

/* Begin PBXFileReference section */
		AEA359B22F178B3900B4E824 /* HopUpAI.app */ = {isa = PBXFileReference; explicitFileType = wrapper.application; includeInIndex = 0; path = HopUpAI.app; sourceTree = BUILT_PRODUCTS_DIR; };
		AEA359C12F178B3B00B4E824 /* HopUpAITests.xctest */ = {isa = PBXFileReference; explicitFileType = wrapper.cfbundle; includeInIndex = 0; path = HopUpAITests.xctest; sourceTree = BUILT_PRODUCTS_DIR; };
		AEA359CB2F178B3B00B4E824 /* HopUpAIUITests.xctest */ = {isa = PBXFileReference; explicitFileType = wrapper.cfbundle; includeInIndex = 0; path = HopUpAIUITests.xctest; sourceTree = BUILT_PRODUCTS_DIR; };
/* End PBXFileReference section */

/* Begin PBXFileSystemSynchronizedRootGroup section */
		AEA359B42F178B3900B4E824 /* HopUpAI */ = {
			isa = PBXFileSystemSynchronizedRootGroup;
			path = HopUpAI;
			sourceTree = "<group>";
		};
		AEA359C42F178B3B00B4E824 /* HopUpAITests */ = {
			isa = PBXFileSystemSynchronizedRootGroup;
			path = HopUpAITests;
			sourceTree = "<group>";
		};
		AEA359CE2F178B3B00B4E824 /* HopUpAIUITests */ = {
			isa = PBXFileSystemSynchronizedRootGroup;
			path = HopUpAIUITests;
			sourceTree = "<group>";
		};
/* End PBXFileSystemSynchronizedRootGroup section */

/* Begin PBXFrameworksBuildPhase section */
		AEA359AF2F178B3900B4E824 /* Frameworks */ = {
			isa = PBXFrameworksBuildPhase;
			buildActionMask = 2147483647;
			files = (
			);
			runOnlyForDeploymentPostprocessing = 0;
		};
		AEA359BE2F178B3B00B4E824 /* Frameworks */ = {
			isa = PBXFrameworksBuildPhase;
			buildActionMask = 2147483647;
			files = (
			);
			runOnlyForDeploymentPostprocessing = 0;
		};
		AEA359C82F178B3B00B4E824 /* Frameworks */ = {
			isa = PBXFrameworksBuildPhase;
			buildActionMask = 2147483647;
			files = (
			);
			runOnlyForDeploymentPostprocessing = 0;
		};
/* End PBXFrameworksBuildPhase section */

/* Begin PBXGroup section */
		AEA359A92F178B3900B4E824 = {
			isa = PBXGroup;
			children = (
				AEA359B42F178B3900B4E824 /* HopUpAI */,
				AEA359C42F178B3B00B4E824 /* HopUpAITests */,
				AEA359CE2F178B3B00B4E824 /* HopUpAIUITests */,
				AEA359B32F178B3900B4E824 /* Products */,
			);
			sourceTree = "<group>";
		};
		AEA359B32F178B3900B4E824 /* Products */ = {
			isa = PBXGroup;
			children = (
				AEA359B22F178B3900B4E824 /* HopUpAI.app */,
				AEA359C12F178B3B00B4E824 /* HopUpAITests.xctest */,
				AEA359CB2F178B3B00B4E824 /* HopUpAIUITests.xctest */,
			);
			name = Products;
			sourceTree = "<group>";
		};
/* End PBXGroup section */

/* Begin PBXNativeTarget section */
		AEA359B12F178B3900B4E824 /* HopUpAI */ = {
			isa = PBXNativeTarget;
			buildConfigurationList = AEA359D52F178B3B00B4E824 /* Build configuration list for PBXNativeTarget "HopUpAI" */;
			buildPhases = (
				AEA359AE2F178B3900B4E824 /* Sources */,
				AEA359AF2F178B3900B4E824 /* Frameworks */,
				AEA359B02F178B3900B4E824 /* Resources */,
			);
			buildRules = (
			);
			dependencies = (
			);
			fileSystemSynchronizedGroups = (
				AEA359B42F178B3900B4E824 /* HopUpAI */,
			);
			name = HopUpAI;
			packageProductDependencies = (
			);
			productName = HopUpAI;
			productReference = AEA359B22F178B3900B4E824 /* HopUpAI.app */;
			productType = "com.apple.product-type.application";
		};
		AEA359C02F178B3B00B4E824 /* HopUpAITests */ = {
			isa = PBXNativeTarget;
			buildConfigurationList = AEA359D82F178B3B00B4E824 /* Build configuration list for PBXNativeTarget "HopUpAITests" */;
			buildPhases = (
				AEA359BD2F178B3B00B4E824 /* Sources */,
				AEA359BE2F178B3B00B4E824 /* Frameworks */,
				AEA359BF2F178B3B00B4E824 /* Resources */,
			);
			buildRules = (
			);
			dependencies = (
				AEA359C32F178B3B00B4E824 /* PBXTargetDependency */,
			);
			fileSystemSynchronizedGroups = (
				AEA359C42F178B3B00B4E824 /* HopUpAITests */,
			);
			name = HopUpAITests;
			packageProductDependencies = (
			);
			productName = HopUpAITests;
			productReference = AEA359C12F178B3B00B4E824 /* HopUpAITests.xctest */;
			productType = "com.apple.product-type.bundle.unit-test";
		};
		AEA359CA2F178B3B00B4E824 /* HopUpAIUITests */ = {
			isa = PBXNativeTarget;
			buildConfigurationList = AEA359DB2F178B3B00B4E824 /* Build configuration list for PBXNativeTarget "HopUpAIUITests" */;
			buildPhases = (
				AEA359C72F178B3B00B4E824 /* Sources */,
				AEA359C82F178B3B00B4E824 /* Frameworks */,
				AEA359C92F178B3B00B4E824 /* Resources */,
			);
			buildRules = (
			);
			dependencies = (
				AEA359CD2F178B3B00B4E824 /* PBXTargetDependency */,
			);
			fileSystemSynchronizedGroups = (
				AEA359CE2F178B3B00B4E824 /* HopUpAIUITests */,
			);
			name = HopUpAIUITests;
			packageProductDependencies = (
			);
			productName = HopUpAIUITests;
			productReference = AEA359CB2F178B3B00B4E824 /* HopUpAIUITests.xctest */;
			productType = "com.apple.product-type.bundle.ui-testing";
		};
/* End PBXNativeTarget section */

/* Begin PBXProject section */
		AEA359AA2F178B3900B4E824 /* Project object */ = {
			isa = PBXProject;
			attributes = {
				BuildIndependentTargetsInParallel = 1;
				LastSwiftUpdateCheck = 1640;
				LastUpgradeCheck = 1640;
				TargetAttributes = {
					AEA359B12F178B3900B4E824 = {
						CreatedOnToolsVersion = 16.4;
					};
					AEA359C02F178B3B00B4E824 = {
						CreatedOnToolsVersion = 16.4;
						TestTargetID = AEA359B12F178B3900B4E824;
					};
					AEA359CA2F178B3B00B4E824 = {
						CreatedOnToolsVersion = 16.4;
						TestTargetID = AEA359B12F178B3900B4E824;
					};
				};
			};
			buildConfigurationList = AEA359AD2F178B3900B4E824 /* Build configuration list for PBXProject "HopUpAI" */;
			developmentRegion = en;
			hasScannedForEncodings = 0;
			knownRegions = (
				en,
				Base,
			);
			mainGroup = AEA359A92F178B3900B4E824;
			minimizedProjectReferenceProxies = 1;
			preferredProjectObjectVersion = 77;
			productRefGroup = AEA359B32F178B3900B4E824 /* Products */;
			projectDirPath = "";
			projectRoot = "";
			targets = (
				AEA359B12F178B3900B4E824 /* HopUpAI */,
				AEA359C02F178B3B00B4E824 /* HopUpAITests */,
				AEA359CA2F178B3B00B4E824 /* HopUpAIUITests */,
			);
		};
/* End PBXProject section */

/* Begin PBXResourcesBuildPhase section */
		AEA359B02F178B3900B4E824 /* Resources */ = {
			isa = PBXResourcesBuildPhase;
			buildActionMask = 2147483647;
			files = (
			);
			runOnlyForDeploymentPostprocessing = 0;
		};
		AEA359BF2F178B3B00B4E824 /* Resources */ = {
			isa = PBXResourcesBuildPhase;
			buildActionMask = 2147483647;
			files = (
			);
			runOnlyForDeploymentPostprocessing = 0;
		};
		AEA359C92F178B3B00B4E824 /* Resources */ = {
			isa = PBXResourcesBuildPhase;
			buildActionMask = 2147483647;
			files = (
			);
			runOnlyForDeploymentPostprocessing = 0;
		};
/* End PBXResourcesBuildPhase section */

/* Begin PBXSourcesBuildPhase section */
		AEA359AE2F178B3900B4E824 /* Sources */ = {
			isa = PBXSourcesBuildPhase;
			buildActionMask = 2147483647;
			files = (
			);
			runOnlyForDeploymentPostprocessing = 0;
		};
		AEA359BD2F178B3B00B4E824 /* Sources */ = {
			isa = PBXSourcesBuildPhase;
			buildActionMask = 2147483647;
			files = (
			);
			runOnlyForDeploymentPostprocessing = 0;
		};
		AEA359C72F178B3B00B4E824 /* Sources */ = {
			isa = PBXSourcesBuildPhase;
			buildActionMask = 2147483647;
			files = (
			);
			runOnlyForDeploymentPostprocessing = 0;
		};
/* End PBXSourcesBuildPhase section */

/* Begin PBXTargetDependency section */
		AEA359C32F178B3B00B4E824 /* PBXTargetDependency */ = {
			isa = PBXTargetDependency;
			target = AEA359B12F178B3900B4E824 /* HopUpAI */;
			targetProxy = AEA359C22F178B3B00B4E824 /* PBXContainerItemProxy */;
		};
		AEA359CD2F178B3B00B4E824 /* PBXTargetDependency */ = {
			isa = PBXTargetDependency;
			target = AEA359B12F178B3900B4E824 /* HopUpAI */;
			targetProxy = AEA359CC2F178B3B00B4E824 /* PBXContainerItemProxy */;
		};
/* End PBXTargetDependency section */

/* Begin XCBuildConfiguration section */
		AEA359D32F178B3B00B4E824 /* Debug */ = {
			isa = XCBuildConfiguration;
			buildSettings = {
				ALWAYS_SEARCH_USER_PATHS = NO;
				ASSETCATALOG_COMPILER_GENERATE_SWIFT_ASSET_SYMBOL_EXTENSIONS = YES;
				CLANG_ANALYZER_NONNULL = YES;
				CLANG_ANALYZER_NUMBER_OBJECT_CONVERSION = YES_AGGRESSIVE;
				CLANG_CXX_LANGUAGE_STANDARD = "gnu++20";
				CLANG_ENABLE_MODULES = YES;
				CLANG_ENABLE_OBJC_ARC = YES;
				CLANG_ENABLE_OBJC_WEAK = YES;
				CLANG_WARN_BLOCK_CAPTURE_AUTORELEASING = YES;
				CLANG_WARN_BOOL_CONVERSION = YES;
				CLANG_WARN_COMMA = YES;
				CLANG_WARN_CONSTANT_CONVERSION = YES;
				CLANG_WARN_DEPRECATED_OBJC_IMPLEMENTATIONS = YES;
				CLANG_WARN_DIRECT_OBJC_ISA_USAGE = YES_ERROR;
				CLANG_WARN_DOCUMENTATION_COMMENTS = YES;
				CLANG_WARN_EMPTY_BODY = YES;
				CLANG_WARN_ENUM_CONVERSION = YES;
				CLANG_WARN_INFINITE_RECURSION = YES;
				CLANG_WARN_INT_CONVERSION = YES;
				CLANG_WARN_NON_LITERAL_NULL_CONVERSION = YES;
				CLANG_WARN_OBJC_IMPLICIT_RETAIN_SELF = YES;
				CLANG_WARN_OBJC_LITERAL_CONVERSION = YES;
				CLANG_WARN_OBJC_ROOT_CLASS = YES_ERROR;
				CLANG_WARN_QUOTED_INCLUDE_IN_FRAMEWORK_HEADER = YES;
				CLANG_WARN_RANGE_LOOP_ANALYSIS = YES;
				CLANG_WARN_STRICT_PROTOTYPES = YES;
				CLANG_WARN_SUSPICIOUS_MOVE = YES;
				CLANG_WARN_UNGUARDED_AVAILABILITY = YES_AGGRESSIVE;
				CLANG_WARN_UNREACHABLE_CODE = YES;
				CLANG_WARN__DUPLICATE_METHOD_MATCH = YES;
				COPY_PHASE_STRIP = NO;
				DEBUG_INFORMATION_FORMAT = dwarf;
				ENABLE_STRICT_OBJC_MSGSEND = YES;
				ENABLE_TESTABILITY = YES;
				ENABLE_USER_SCRIPT_SANDBOXING = YES;
				GCC_C_LANGUAGE_STANDARD = gnu17;
				GCC_DYNAMIC_NO_PIC = NO;
				GCC_NO_COMMON_BLOCKS = YES;
				GCC_OPTIMIZATION_LEVEL = 0;
				GCC_PREPROCESSOR_DEFINITIONS = (
					"DEBUG=1",
					"$(inherited)",
				);
				GCC_WARN_64_TO_32_BIT_CONVERSION = YES;
				GCC_WARN_ABOUT_RETURN_TYPE = YES_ERROR;
				GCC_WARN_UNDECLARED_SELECTOR = YES;
				GCC_WARN_UNINITIALIZED_AUTOS = YES_AGGRESSIVE;
				GCC_WARN_UNUSED_FUNCTION = YES;
				GCC_WARN_UNUSED_VARIABLE = YES;
				IPHONEOS_DEPLOYMENT_TARGET = 18.5;
				LOCALIZATION_PREFERS_STRING_CATALOGS = YES;
				MTL_ENABLE_DEBUG_INFO = INCLUDE_SOURCE;
				MTL_FAST_MATH = YES;
				ONLY_ACTIVE_ARCH = YES;
				SDKROOT = iphoneos;
				SWIFT_ACTIVE_COMPILATION_CONDITIONS = "DEBUG $(inherited)";
				SWIFT_OPTIMIZATION_LEVEL = "-Onone";
			};
			name = Debug;
		};
		AEA359D42F178B3B00B4E824 /* Release */ = {
			isa = XCBuildConfiguration;
			buildSettings = {
				ALWAYS_SEARCH_USER_PATHS = NO;
				ASSETCATALOG_COMPILER_GENERATE_SWIFT_ASSET_SYMBOL_EXTENSIONS = YES;
				CLANG_ANALYZER_NONNULL = YES;
				CLANG_ANALYZER_NUMBER_OBJECT_CONVERSION = YES_AGGRESSIVE;
				CLANG_CXX_LANGUAGE_STANDARD = "gnu++20";
				CLANG_ENABLE_MODULES = YES;
				CLANG_ENABLE_OBJC_ARC = YES;
				CLANG_ENABLE_OBJC_WEAK = YES;
				CLANG_WARN_BLOCK_CAPTURE_AUTORELEASING = YES;
				CLANG_WARN_BOOL_CONVERSION = YES;
				CLANG_WARN_COMMA = YES;
				CLANG_WARN_CONSTANT_CONVERSION = YES;
				CLANG_WARN_DEPRECATED_OBJC_IMPLEMENTATIONS = YES;
				CLANG_WARN_DIRECT_OBJC_ISA_USAGE = YES_ERROR;
				CLANG_WARN_DOCUMENTATION_COMMENTS = YES;
				CLANG_WARN_EMPTY_BODY = YES;
				CLANG_WARN_ENUM_CONVERSION = YES;
				CLANG_WARN_INFINITE_RECURSION = YES;
				CLANG_WARN_INT_CONVERSION = YES;
				CLANG_WARN_NON_LITERAL_NULL_CONVERSION = YES;
				CLANG_WARN_OBJC_IMPLICIT_RETAIN_SELF = YES;
				CLANG_WARN_OBJC_LITERAL_CONVERSION = YES;
				CLANG_WARN_OBJC_ROOT_CLASS = YES_ERROR;
				CLANG_WARN_QUOTED_INCLUDE_IN_FRAMEWORK_HEADER = YES;
				CLANG_WARN_RANGE_LOOP_ANALYSIS = YES;
				CLANG_WARN_STRICT_PROTOTYPES = YES;
				CLANG_WARN_SUSPICIOUS_MOVE = YES;
				CLANG_WARN_UNGUARDED_AVAILABILITY = YES_AGGRESSIVE;
				CLANG_WARN_UNREACHABLE_CODE = YES;
				CLANG_WARN__DUPLICATE_METHOD_MATCH = YES;
				COPY_PHASE_STRIP = NO;
				DEBUG_INFORMATION_FORMAT = "dwarf-with-dsym";
				ENABLE_NS_ASSERTIONS = NO;
				ENABLE_STRICT_OBJC_MSGSEND = YES;
				ENABLE_USER_SCRIPT_SANDBOXING = YES;
				GCC_C_LANGUAGE_STANDARD = gnu17;
				GCC_NO_COMMON_BLOCKS = YES;
				GCC_WARN_64_TO_32_BIT_CONVERSION = YES;
				GCC_WARN_ABOUT_RETURN_TYPE = YES_ERROR;
				GCC_WARN_UNDECLARED_SELECTOR = YES;
				GCC_WARN_UNINITIALIZED_AUTOS = YES_AGGRESSIVE;
				GCC_WARN_UNUSED_FUNCTION = YES;
				GCC_WARN_UNUSED_VARIABLE = YES;
				IPHONEOS_DEPLOYMENT_TARGET = 18.5;
				LOCALIZATION_PREFERS_STRING_CATALOGS = YES;
				MTL_ENABLE_DEBUG_INFO = NO;
				MTL_FAST_MATH = YES;
				SDKROOT = iphoneos;
				SWIFT_COMPILATION_MODE = wholemodule;
				VALIDATE_PRODUCT = YES;
			};
			name = Release;
		};
		AEA359D62F178B3B00B4E824 /* Debug */ = {
			isa = XCBuildConfiguration;
			buildSettings = {
				ASSETCATALOG_COMPILER_APPICON_NAME = AppIcon;
				ASSETCATALOG_COMPILER_GLOBAL_ACCENT_COLOR_NAME = AccentColor;
				CODE_SIGN_STYLE = Automatic;
				CURRENT_PROJECT_VERSION = 1;
				ENABLE_PREVIEWS = YES;
				GENERATE_INFOPLIST_FILE = YES;
				INFOPLIST_KEY_UIApplicationSceneManifest_Generation = YES;
				INFOPLIST_KEY_UIApplicationSupportsIndirectInputEvents = YES;
				INFOPLIST_KEY_UILaunchScreen_Generation = YES;
				INFOPLIST_KEY_UISupportedInterfaceOrientations_iPad = "UIInterfaceOrientationPortrait UIInterfaceOrientationPortraitUpsideDown UIInterfaceOrientationLandscapeLeft UIInterfaceOrientationLandscapeRight";
				INFOPLIST_KEY_UISupportedInterfaceOrientations_iPhone = "UIInterfaceOrientationPortrait UIInterfaceOrientationLandscapeLeft UIInterfaceOrientationLandscapeRight";
				LD_RUNPATH_SEARCH_PATHS = (
					"$(inherited)",
					"@executable_path/Frameworks",
				);
				MARKETING_VERSION = 1.0;
				PRODUCT_BUNDLE_IDENTIFIER = buildwithcode.HopUpAI;
				PRODUCT_NAME = "$(TARGET_NAME)";
				SWIFT_EMIT_LOC_STRINGS = YES;
				SWIFT_VERSION = 5.0;
				TARGETED_DEVICE_FAMILY = "1,2";
			};
			name = Debug;
		};
		AEA359D72F178B3B00B4E824 /* Release */ = {
			isa = XCBuildConfiguration;
			buildSettings = {
				ASSETCATALOG_COMPILER_APPICON_NAME = AppIcon;
				ASSETCATALOG_COMPILER_GLOBAL_ACCENT_COLOR_NAME = AccentColor;
				CODE_SIGN_STYLE = Automatic;
				CURRENT_PROJECT_VERSION = 1;
				ENABLE_PREVIEWS = YES;
				GENERATE_INFOPLIST_FILE = YES;
				INFOPLIST_KEY_UIApplicationSceneManifest_Generation = YES;
				INFOPLIST_KEY_UIApplicationSupportsIndirectInputEvents = YES;
				INFOPLIST_KEY_UILaunchScreen_Generation = YES;
				INFOPLIST_KEY_UISupportedInterfaceOrientations_iPad = "UIInterfaceOrientationPortrait UIInterfaceOrientationPortraitUpsideDown UIInterfaceOrientationLandscapeLeft UIInterfaceOrientationLandscapeRight";
				INFOPLIST_KEY_UISupportedInterfaceOrientations_iPhone = "UIInterfaceOrientationPortrait UIInterfaceOrientationLandscapeLeft UIInterfaceOrientationLandscapeRight";
				LD_RUNPATH_SEARCH_PATHS = (
					"$(inherited)",
					"@executable_path/Frameworks",
				);
				MARKETING_VERSION = 1.0;
				PRODUCT_BUNDLE_IDENTIFIER = buildwithcode.HopUpAI;
				PRODUCT_NAME = "$(TARGET_NAME)";
				SWIFT_EMIT_LOC_STRINGS = YES;
				SWIFT_VERSION = 5.0;
				TARGETED_DEVICE_FAMILY = "1,2";
			};
			name = Release;
		};
		AEA359D92F178B3B00B4E824 /* Debug */ = {
			isa = XCBuildConfiguration;
			buildSettings = {
				BUNDLE_LOADER = "$(TEST_HOST)";
				CODE_SIGN_STYLE = Automatic;
				CURRENT_PROJECT_VERSION = 1;
				GENERATE_INFOPLIST_FILE = YES;
				IPHONEOS_DEPLOYMENT_TARGET = 18.5;
				MARKETING_VERSION = 1.0;
				PRODUCT_BUNDLE_IDENTIFIER = buildwithcode.HopUpAITests;
				PRODUCT_NAME = "$(TARGET_NAME)";
				SWIFT_EMIT_LOC_STRINGS = NO;
				SWIFT_VERSION = 5.0;
				TARGETED_DEVICE_FAMILY = "1,2";
				TEST_HOST = "$(BUILT_PRODUCTS_DIR)/HopUpAI.app/$(BUNDLE_EXECUTABLE_FOLDER_PATH)/HopUpAI";
			};
			name = Debug;
		};
		AEA359DA2F178B3B00B4E824 /* Release */ = {
			isa = XCBuildConfiguration;
			buildSettings = {
				BUNDLE_LOADER = "$(TEST_HOST)";
				CODE_SIGN_STYLE = Automatic;
				CURRENT_PROJECT_VERSION = 1;
				GENERATE_INFOPLIST_FILE = YES;
				IPHONEOS_DEPLOYMENT_TARGET = 18.5;
				MARKETING_VERSION = 1.0;
				PRODUCT_BUNDLE_IDENTIFIER = buildwithcode.HopUpAITests;
				PRODUCT_NAME = "$(TARGET_NAME)";
				SWIFT_EMIT_LOC_STRINGS = NO;
				SWIFT_VERSION = 5.0;
				TARGETED_DEVICE_FAMILY = "1,2";
				TEST_HOST = "$(BUILT_PRODUCTS_DIR)/HopUpAI.app/$(BUNDLE_EXECUTABLE_FOLDER_PATH)/HopUpAI";
			};
			name = Release;
		};
		AEA359DC2F178B3B00B4E824 /* Debug */ = {
			isa = XCBuildConfiguration;
			buildSettings = {
				CODE_SIGN_STYLE = Automatic;
				CURRENT_PROJECT_VERSION = 1;
				GENERATE_INFOPLIST_FILE = YES;
				MARKETING_VERSION = 1.0;
				PRODUCT_BUNDLE_IDENTIFIER = buildwithcode.HopUpAIUITests;
				PRODUCT_NAME = "$(TARGET_NAME)";
				SWIFT_EMIT_LOC_STRINGS = NO;
				SWIFT_VERSION = 5.0;
				TARGETED_DEVICE_FAMILY = "1,2";
				TEST_TARGET_NAME = HopUpAI;
			};
			name = Debug;
		};
		AEA359DD2F178B3B00B4E824 /* Release */ = {
			isa = XCBuildConfiguration;
			buildSettings = {
				CODE_SIGN_STYLE = Automatic;
				CURRENT_PROJECT_VERSION = 1;
				GENERATE_INFOPLIST_FILE = YES;
				MARKETING_VERSION = 1.0;
				PRODUCT_BUNDLE_IDENTIFIER = buildwithcode.HopUpAIUITests;
				PRODUCT_NAME = "$(TARGET_NAME)";
				SWIFT_EMIT_LOC_STRINGS = NO;
				SWIFT_VERSION = 5.0;
				TARGETED_DEVICE_FAMILY = "1,2";
				TEST_TARGET_NAME = HopUpAI;
			};
			name = Release;
		};
/* End XCBuildConfiguration section */

/* Begin XCConfigurationList section */
		AEA359AD2F178B3900B4E824 /* Build configuration list for PBXProject "HopUpAI" */ = {
			isa = XCConfigurationList;
			buildConfigurations = (
				AEA359D32F178B3B00B4E824 /* Debug */,
				AEA359D42F178B3B00B4E824 /* Release */,
			);
			defaultConfigurationIsVisible = 0;
			defaultConfigurationName = Release;
		};
		AEA359D52F178B3B00B4E824 /* Build configuration list for PBXNativeTarget "HopUpAI" */ = {
			isa = XCConfigurationList;
			buildConfigurations = (
				AEA359D62F178B3B00B4E824 /* Debug */,
				AEA359D72F178B3B00B4E824 /* Release */,
			);
			defaultConfigurationIsVisible = 0;
			defaultConfigurationName = Release;
		};
		AEA359D82F178B3B00B4E824 /* Build configuration list for PBXNativeTarget "HopUpAITests" */ = {
			isa = XCConfigurationList;
			buildConfigurations = (
				AEA359D92F178B3B00B4E824 /* Debug */,
				AEA359DA2F178B3B00B4E824 /* Release */,
			);
			defaultConfigurationIsVisible = 0;
			defaultConfigurationName = Release;
		};
		AEA359DB2F178B3B00B4E824 /* Build configuration list for PBXNativeTarget "HopUpAIUITests" */ = {
			isa = XCConfigurationList;
			buildConfigurations = (
				AEA359DC2F178B3B00B4E824 /* Debug */,
				AEA359DD2F178B3B00B4E824 /* Release */,
			);
			defaultConfigurationIsVisible = 0;
			defaultConfigurationName = Release;
		};
/* End XCConfigurationList section */
	};
	rootObject = AEA359AA2F178B3900B4E824 /* Project object */;
}
